
Microsoft Visual Studio Solution File, Format Version 12.00
# Visual Studio Version 17
VisualStudioVersion = 17.14.36511.14
MinimumVisualStudioVersion = 10.0.40219.1
Project("{8BC9CEB8-8B4A-11D0-8D11-00A0C91BC942}") = "LinkedList", "LinkedList\LinkedList.vcxproj", "{83B4F4D2-E633-4376-BCB9-D4E82661C6A2}"
EndProject
Project("{8BC9CEB8-8B4A-11D0-8D11-00A0C91BC942}") = "Endianness", "Endianness\Endianness.vcxproj", "{C648F49E-2E14-448E-88F7-0159E1360579}"
EndProject
Project("{8BC9CEB8-8B4A-11D0-8D11-00A0C91BC942}") = "Padding", "Padding\Padding.vcxproj", "{DD785CB4-EDEA-4090-98BD-1437F168D439}"
EndProject
Project("{8BC9CEB8-8B4A-11D0-8D11-00A0C91BC942}") = "PackedStruct", "PackedStruct\PackedStruct.vcxproj", "{77EEFD96-4DB5-442B-A6B1-A90092783867}"
EndProject
Project("{8BC9CEB8-8B4A-11D0-8D11-00A0C91BC942}") = "5LabClassWork", "5LabClassWork\5LabClassWork.vcxproj", "{F9CF4F74-AC9C-48E3-80A6-75C0500CBD77}"
EndProject
Project("{8BC9CEB8-8B4A-11D0-8D11-00A0C91BC942}") = "VectorVsLinkedList", "VectorVsLinkedList\VectorVsLinkedList.vcxproj", "{AEACD166-5233-49AF-8188-175EB966D642}"
EndProject
Project("{8BC9CEB8-8B4A-11D0-8D11-00A0C91BC942}") = "CacheFriendlyLinkedList", "CacheFriendlyLinkedList\CacheFriendlyLinkedList.vcxproj", "{328DB452-4BCA-4F86-BB4F-5133D2BAE96F}"
EndProject
Project("{8BC9CEB8-8B4A-11D0-8D11-00A0C91BC942}") = "LinkedListFull", "LinkedListFull\LinkedListFull.vcxproj", "{47ABF274-498D-453D-A35F-568D7FAA33F2}"
EndProject
Project("{8BC9CEB8-8B4A-11D0-8D11-00A0C91BC942}") = "Vector", "Vector\Vector.vcxproj", "{0054678C-418D-4337-BDC7-94851855DCDB}"
EndProject
Project("{2150E333-8FDC-42A3-9474-1A3956D46DE8}") = "Art", "Art", "{02EA681E-C7D8-13C7-8484-4AC65E1B71E8}"
	ProjectSection(SolutionItems) = preProject
		Art\ArrayIndexAdress.png = Art\ArrayIndexAdress.png
		Art\DoubleLinkedList.png = Art\DoubleLinkedList.png
		Art\LinkedList.png = Art\LinkedList.png
		Art\QueueLinkedList.png = Art\QueueLinkedList.png
		Art\QueueOnArray.png = Art\QueueOnArray.png
		Art\StackOnArray.png = Art\StackOnArray.png
		Art\StackOnLinkedList.png = Art\StackOnLinkedList.png
	EndProjectSection
EndProject
Project("{2150E333-8FDC-42A3-9474-1A3956D46DE8}") = "Solution Items", "Solution Items", "{1C176410-C7F4-4D16-BB2C-110E65BD0B47}"
	ProjectSection(SolutionItems) = preProject
		.editorconfig = .editorconfig
	EndProjectSection
EndProject
Project("{8BC9CEB8-8B4A-11D0-8D11-00A0C91BC942}") = "List", "List\List.vcxproj", "{0F07EABD-CA4C-4DBA-8067-54DE6F5B215A}"
EndProject
Global
	GlobalSection(SolutionConfigurationPlatforms) = preSolution
		Debug|x64 = Debug|x64
		Debug|x86 = Debug|x86
		Release|x64 = Release|x64
		Release|x86 = Release|x86
	EndGlobalSection
	GlobalSection(ProjectConfigurationPlatforms) = postSolution
		{83B4F4D2-E633-4376-BCB9-D4E82661C6A2}.Debug|x64.ActiveCfg = Debug|x64
		{83B4F4D2-E633-4376-BCB9-D4E82661C6A2}.Debug|x64.Build.0 = Debug|x64
		{83B4F4D2-E633-4376-BCB9-D4E82661C6A2}.Debug|x86.ActiveCfg = Debug|Win32
		{83B4F4D2-E633-4376-BCB9-D4E82661C6A2}.Debug|x86.Build.0 = Debug|Win32
		{83B4F4D2-E633-4376-BCB9-D4E82661C6A2}.Release|x64.ActiveCfg = Release|x64
		{83B4F4D2-E633-4376-BCB9-D4E82661C6A2}.Release|x64.Build.0 = Release|x64
		{83B4F4D2-E633-4376-BCB9-D4E82661C6A2}.Release|x86.ActiveCfg = Release|Win32
		{83B4F4D2-E633-4376-BCB9-D4E82661C6A2}.Release|x86.Build.0 = Release|Win32
		{C648F49E-2E14-448E-88F7-0159E1360579}.Debug|x64.ActiveCfg = Debug|x64
		{C648F49E-2E14-448E-88F7-0159E1360579}.Debug|x64.Build.0 = Debug|x64
		{C648F49E-2E14-448E-88F7-0159E1360579}.Debug|x86.ActiveCfg = Debug|Win32
		{C648F49E-2E14-448E-88F7-0159E1360579}.Debug|x86.Build.0 = Debug|Win32
		{C648F49E-2E14-448E-88F7-0159E1360579}.Release|x64.ActiveCfg = Release|x64
		{C648F49E-2E14-448E-88F7-0159E1360579}.Release|x64.Build.0 = Release|x64
		{C648F49E-2E14-448E-88F7-0159E1360579}.Release|x86.ActiveCfg = Release|Win32
		{C648F49E-2E14-448E-88F7-0159E1360579}.Release|x86.Build.0 = Release|Win32
		{DD785CB4-EDEA-4090-98BD-1437F168D439}.Debug|x64.ActiveCfg = Debug|x64
		{DD785CB4-EDEA-4090-98BD-1437F168D439}.Debug|x64.Build.0 = Debug|x64
		{DD785CB4-EDEA-4090-98BD-1437F168D439}.Debug|x86.ActiveCfg = Debug|Win32
		{DD785CB4-EDEA-4090-98BD-1437F168D439}.Debug|x86.Build.0 = Debug|Win32
		{DD785CB4-EDEA-4090-98BD-1437F168D439}.Release|x64.ActiveCfg = Release|x64
		{DD785CB4-EDEA-4090-98BD-1437F168D439}.Release|x64.Build.0 = Release|x64
		{DD785CB4-EDEA-4090-98BD-1437F168D439}.Release|x86.ActiveCfg = Release|Win32
		{DD785CB4-EDEA-4090-98BD-1437F168D439}.Release|x86.Build.0 = Release|Win32
		{77EEFD96-4DB5-442B-A6B1-A90092783867}.Debug|x64.ActiveCfg = Debug|x64
		{77EEFD96-4DB5-442B-A6B1-A90092783867}.Debug|x64.Build.0 = Debug|x64
		{77EEFD96-4DB5-442B-A6B1-A90092783867}.Debug|x86.ActiveCfg = Debug|Win32
		{77EEFD96-4DB5-442B-A6B1-A90092783867}.Debug|x86.Build.0 = Debug|Win32
		{77EEFD96-4DB5-442B-A6B1-A90092783867}.Release|x64.ActiveCfg = Release|x64
		{77EEFD96-4DB5-442B-A6B1-A90092783867}.Release|x64.Build.0 = Release|x64
		{77EEFD96-4DB5-442B-A6B1-A90092783867}.Release|x86.ActiveCfg = Release|Win32
		{77EEFD96-4DB5-442B-A6B1-A90092783867}.Release|x86.Build.0 = Release|Win32
		{F9CF4F74-AC9C-48E3-80A6-75C0500CBD77}.Debug|x64.ActiveCfg = Debug|x64
		{F9CF4F74-AC9C-48E3-80A6-75C0500CBD77}.Debug|x64.Build.0 = Debug|x64
		{F9CF4F74-AC9C-48E3-80A6-75C0500CBD77}.Debug|x86.ActiveCfg = Debug|Win32
		{F9CF4F74-AC9C-48E3-80A6-75C0500CBD77}.Debug|x86.Build.0 = Debug|Win32
		{F9CF4F74-AC9C-48E3-80A6-75C0500CBD77}.Release|x64.ActiveCfg = Release|x64
		{F9CF4F74-AC9C-48E3-80A6-75C0500CBD77}.Release|x64.Build.0 = Release|x64
		{F9CF4F74-AC9C-48E3-80A6-75C0500CBD77}.Release|x86.ActiveCfg = Release|Win32
		{F9CF4F74-AC9C-48E3-80A6-75C0500CBD77}.Release|x86.Build.0 = Release|Win32
		{AEACD166-5233-49AF-8188-175EB966D642}.Debug|x64.ActiveCfg = Debug|x64
		{AEACD166-5233-49AF-8188-175EB966D642}.Debug|x64.Build.0 = Debug|x64
		{AEACD166-5233-49AF-8188-175EB966D642}.Debug|x86.ActiveCfg = Debug|Win32
		{AEACD166-5233-49AF-8188-175EB966D642}.Debug|x86.Build.0 = Debug|Win32
		{AEACD166-5233-49AF-8188-175EB966D642}.Release|x64.ActiveCfg = Release|x64
		{AEACD166-5233-49AF-8188-175EB966D642}.Release|x64.Build.0 = Release|x64
		{AEACD166-5233-49AF-8188-175EB966D642}.Release|x86.ActiveCfg = Release|Win32
		{AEACD166-5233-49AF-8188-175EB966D642}.Release|x86.Build.0 = Release|Win32
		{328DB452-4BCA-4F86-BB4F-5133D2BAE96F}.Debug|x64.ActiveCfg = Debug|x64
		{328DB452-4BCA-4F86-BB4F-5133D2BAE96F}.Debug|x64.Build.0 = Debug|x64
		{328DB452-4BCA-4F86-BB4F-5133D2BAE96F}.Debug|x86.ActiveCfg = Debug|Win32
		{328DB452-4BCA-4F86-BB4F-5133D2BAE96F}.Debug|x86.Build.0 = Debug|Win32
		{328DB452-4BCA-4F86-BB4F-5133D2BAE96F}.Release|x64.ActiveCfg = Release|x64
		{328DB452-4BCA-4F86-BB4F-5133D2BAE96F}.Release|x64.Build.0 = Release|x64
		{328DB452-4BCA-4F86-BB4F-5133D2BAE96F}.Release|x86.ActiveCfg = Release|Win32
		{328DB452-4BCA-4F86-BB4F-5133D2BAE96F}.Release|x86.Build.0 = Release|Win32
		{47ABF274-498D-453D-A35F-568D7FAA33F2}.Debug|x64.ActiveCfg = Debug|x64
		{47ABF274-498D-453D-A35F-568D7FAA33F2}.Debug|x64.Build.0 = Debug|x64
		{47ABF274-498D-453D-A35F-568D7FAA33F2}.Debug|x86.ActiveCfg = Debug|Win32
		{47ABF274-498D-453D-A35F-568D7FAA33F2}.Debug|x86.Build.0 = Debug|Win32
		{47ABF274-498D-453D-A35F-568D7FAA33F2}.Release|x64.ActiveCfg = Release|x64
		{47ABF274-498D-453D-A35F-568D7FAA33F2}.Release|x64.Build.0 = Release|x64
		{47ABF274-498D-453D-A35F-568D7FAA33F2}.Release|x86.ActiveCfg = Release|Win32
		{47ABF274-498D-453D-A35F-568D7FAA33F2}.Release|x86.Build.0 = Release|Win32
		{0054678C-418D-4337-BDC7-94851855DCDB}.Debug|x64.ActiveCfg = Debug|x64
		{0054678C-418D-4337-BDC7-94851855DCDB}.Debug|x64.Build.0 = Debug|x64
		{0054678C-418D-4337-BDC7-94851855DCDB}.Debug|x86.ActiveCfg = Debug|Win32
		{0054678C-418D-4337-BDC7-94851855DCDB}.Debug|x86.Build.0 = Debug|Win32
		{0054678C-418D-4337-BDC7-94851855DCDB}.Release|x64.ActiveCfg = Release|x64
		{0054678C-418D-4337-BDC7-94851855DCDB}.Release|x64.Build.0 = Release|x64
		{0054678C-418D-4337-BDC7-94851855DCDB}.Release|x86.ActiveCfg = Release|Win32
		{0054678C-418D-4337-BDC7-94851855DCDB}.Release|x86.Build.0 = Release|Win32
		{0F07EABD-CA4C-4DBA-8067-54DE6F5B215A}.Debug|x64.ActiveCfg = Debug|x64
		{0F07EABD-CA4C-4DBA-8067-54DE6F5B215A}.Debug|x64.Build.0 = Debug|x64
		{0F07EABD-CA4C-4DBA-8067-54DE6F5B215A}.Debug|x86.ActiveCfg = Debug|Win32
		{0F07EABD-CA4C-4DBA-8067-54DE6F5B215A}.Debug|x86.Build.0 = Debug|Win32
		{0F07EABD-CA4C-4DBA-8067-54DE6F5B215A}.Release|x64.ActiveCfg = Release|x64
		{0F07EABD-CA4C-4DBA-8067-54DE6F5B215A}.Release|x64.Build.0 = Release|x64
		{0F07EABD-CA4C-4DBA-8067-54DE6F5B215A}.Release|x86.ActiveCfg = Release|Win32
		{0F07EABD-CA4C-4DBA-8067-54DE6F5B215A}.Release|x86.Build.0 = Release|Win32
	EndGlobalSection
	GlobalSection(SolutionProperties) = preSolution
		HideSolutionNode = FALSE
	EndGlobalSection
	GlobalSection(ExtensibilityGlobals) = postSolution
		SolutionGuid = {D54FFA59-A385-443E-A958-4D1F850D9A2C}
	EndGlobalSection
EndGlobal
